// !$*UTF8*$!
{
	archiveVersion = 1;
	classes = {
	};
	objectVersion = 50;
	objects = {

/* Begin PBXBuildFile section */
		F040B6892495121500AEDFBA /* AppDelegate.swift in Sources */ = {isa = PBXBuildFile; fileRef = F040B6882495121500AEDFBA /* AppDelegate.swift */; };
		F040B68B2495121500AEDFBA /* SceneDelegate.swift in Sources */ = {isa = PBXBuildFile; fileRef = F040B68A2495121500AEDFBA /* SceneDelegate.swift */; };
		F040B68D2495121500AEDFBA /* ViewController.swift in Sources */ = {isa = PBXBuildFile; fileRef = F040B68C2495121500AEDFBA /* ViewController.swift */; };
		F040B6902495121500AEDFBA /* Main.storyboard in Resources */ = {isa = PBXBuildFile; fileRef = F040B68E2495121500AEDFBA /* Main.storyboard */; };
		F040B6932495121500AEDFBA /* UserAggrement.xcdatamodeld in Sources */ = {isa = PBXBuildFile; fileRef = F040B6912495121500AEDFBA /* UserAggrement.xcdatamodeld */; };
		F040B6952495121800AEDFBA /* Assets.xcassets in Resources */ = {isa = PBXBuildFile; fileRef = F040B6942495121800AEDFBA /* Assets.xcassets */; };
		F040B6982495121800AEDFBA /* LaunchScreen.storyboard in Resources */ = {isa = PBXBuildFile; fileRef = F040B6962495121800AEDFBA /* LaunchScreen.storyboard */; };
/* End PBXBuildFile section */

/* Begin PBXFileReference section */
		F040B6852495121500AEDFBA /* UserAggrement.app */ = {isa = PBXFileReference; explicitFileType = wrapper.application; includeInIndex = 0; path = UserAggrement.app; sourceTree = BUILT_PRODUCTS_DIR; };
		F040B6882495121500AEDFBA /* AppDelegate.swift */ = {isa = PBXFileReference; lastKnownFileType = sourcecode.swift; path = AppDelegate.swift; sourceTree = "<group>"; };
		F040B68A2495121500AEDFBA /* SceneDelegate.swift */ = {isa = PBXFileReference; lastKnownFileType = sourcecode.swift; path = SceneDelegate.swift; sourceTree = "<group>"; };
		F040B68C2495121500AEDFBA /* ViewController.swift */ = {isa = PBXFileReference; lastKnownFileType = sourcecode.swift; path = ViewController.swift; sourceTree = "<group>"; };
		F040B68F2495121500AEDFBA /* Base */ = {isa = PBXFileReference; lastKnownFileType = file.storyboard; name = Base; path = Base.lproj/Main.storyboard; sourceTree = "<group>"; };
		F040B6922495121500AEDFBA /* UserAggrement.xcdatamodel */ = {isa = PBXFileReference; lastKnownFileType = wrapper.xcdatamodel; path = UserAggrement.xcdatamodel; sourceTree = "<group>"; };
		F040B6942495121800AEDFBA /* Assets.xcassets */ = {isa = PBXFileReference; lastKnownFileType = folder.assetcatalog; path = Assets.xcassets; sourceTree = "<group>"; };
		F040B6972495121800AEDFBA /* Base */ = {isa = PBXFileReference; lastKnownFileType = file.storyboard; name = Base; path = Base.lproj/LaunchScreen.storyboard; sourceTree = "<group>"; };
		F040B6992495121800AEDFBA /* Info.plist */ = {isa = PBXFileReference; lastKnownFileType = text.plist.xml; path = Info.plist; sourceTree = "<group>"; };
/* End PBXFileReference section */

/* Begin PBXFrameworksBuildPhase section */
		F040B6822495121500AEDFBA /* Frameworks */ = {
			isa = PBXFrameworksBuildPhase;
			buildActionMask = 2147483647;
			files = (
			);
			runOnlyForDeploymentPostprocessing = 0;
		};
/* End PBXFrameworksBuildPhase section */

/* Begin PBXGroup section */
		F040B67C2495121500AEDFBA = {
			isa = PBXGroup;
			children = (
				F040B6872495121500AEDFBA /* UserAggrement */,
				F040B6862495121500AEDFBA /* Products */,
			);
			sourceTree = "<group>";
		};
		F040B6862495121500AEDFBA /* Products */ = {
			isa = PBXGroup;
			children = (
				F040B6852495121500AEDFBA /* UserAggrement.app */,
			);
			name = Products;
			sourceTree = "<group>";
		};
		F040B6872495121500AEDFBA /* UserAggrement */ = {
			isa = PBXGroup;
			children = (
				F040B6882495121500AEDFBA /* AppDelegate.swift */,
				F040B68A2495121500AEDFBA /* SceneDelegate.swift */,
				F040B68C2495121500AEDFBA /* ViewController.swift */,
				F040B68E2495121500AEDFBA /* Main.storyboard */,
				F040B6942495121800AEDFBA /* Assets.xcassets */,
				F040B6962495121800AEDFBA /* LaunchScreen.storyboard */,
				F040B6992495121800AEDFBA /* Info.plist */,
				F040B6912495121500AEDFBA /* UserAggrement.xcdatamodeld */,
			);
			path = UserAggrement;
			sourceTree = "<group>";
		};
/* End PBXGroup section */

/* Begin PBXNativeTarget section */
		F040B6842495121500AEDFBA /* UserAggrement */ = {
			isa = PBXNativeTarget;
			buildConfigurationList = F040B69C2495121800AEDFBA /* Build configuration list for PBXNativeTarget "UserAggrement" */;
			buildPhases = (
				F040B6812495121500AEDFBA /* Sources */,
				F040B6822495121500AEDFBA /* Frameworks */,
				F040B6832495121500AEDFBA /* Resources */,
			);
			buildRules = (
			);
			dependencies = (
			);
			name = UserAggrement;
			productName = UserAggrement;
			productReference = F040B6852495121500AEDFBA /* UserAggrement.app */;
			productType = "com.apple.product-type.application";
		};
/* End PBXNativeTarget section */

/* Begin PBXProject section */
		F040B67D2495121500AEDFBA /* Project object */ = {
			isa = PBXProject;
			attributes = {
				LastSwiftUpdateCheck = 1150;
				LastUpgradeCheck = 1150;
				ORGANIZATIONNAME = "Sufiandy Elmy";
				TargetAttributes = {
					F040B6842495121500AEDFBA = {
						CreatedOnToolsVersion = 11.5;
					};
				};
			};
			buildConfigurationList = F040B6802495121500AEDFBA /* Build configuration list for PBXProject "UserAggrement" */;
			compatibilityVersion = "Xcode 9.3";
			developmentRegion = en;
			hasScannedForEncodings = 0;
			knownRegions = (
				en,
				Base,
			);
			mainGroup = F040B67C2495121500AEDFBA;
			productRefGroup = F040B6862495121500AEDFBA /* Products */;
			projectDirPath = "";
			projectRoot = "";
			targets = (
				F040B6842495121500AEDFBA /* UserAggrement */,
			);
		};
/* End PBXProject section */

/* Begin PBXResourcesBuildPhase section */
		F040B6832495121500AEDFBA /* Resources */ = {
			isa = PBXResourcesBuildPhase;
			buildActionMask = 2147483647;
			files = (
				F040B6982495121800AEDFBA /* LaunchScreen.storyboard in Resources */,
				F040B6952495121800AEDFBA /* Assets.xcassets in Resources */,
				F040B6902495121500AEDFBA /* Main.storyboard in Resources */,
			);
			runOnlyForDeploymentPostprocessing = 0;
		};
/* End PBXResourcesBuildPhase section */

/* Begin PBXSourcesBuildPhase section */
		F040B6812495121500AEDFBA /* Sources */ = {
			isa = PBXSourcesBuildPhase;
			buildActionMask = 2147483647;
			files = (
				F040B68D2495121500AEDFBA /* ViewController.swift in Sources */,
				F040B6892495121500AEDFBA /* AppDelegate.swift in Sources */,
				F040B68B2495121500AEDFBA /* SceneDelegate.swift in Sources */,
				F040B6932495121500AEDFBA /* UserAggrement.xcdatamodeld in Sources */,
			);
			runOnlyForDeploymentPostprocessing = 0;
		};
/* End PBXSourcesBuildPhase section */

/* Begin PBXVariantGroup section */
		F040B68E2495121500AEDFBA /* Main.storyboard */ = {
			isa = PBXVariantGroup;
			children = (
				F040B68F2495121500AEDFBA /* Base */,
			);
			name = Main.storyboard;
			sourceTree = "<group>";
		};
		F040B6962495121800AEDFBA /* LaunchScreen.storyboard */ = {
			isa = PBXVariantGroup;
			children = (
				F040B6972495121800AEDFBA /* Base */,
			);
			name = LaunchScreen.storyboard;
			sourceTree = "<group>";
		};
/* End PBXVariantGroup section */

/* Begin XCBuildConfiguration section */
		F040B69A2495121800AEDFBA /* Debug */ = {
			isa = XCBuildConfiguration;
			buildSettings = {
				ALWAYS_SEARCH_USER_PATHS = NO;
				CLANG_ANALYZER_NONNULL = YES;
				CLANG_ANALYZER_NUMBER_OBJECT_CONVERSION = YES_AGGRESSIVE;
				CLANG_CXX_LANGUAGE_STANDARD = "gnu++14";
				CLANG_CXX_LIBRARY = "libc++";
				CLANG_ENABLE_MODULES = YES;
				CLANG_ENABLE_OBJC_ARC = YES;
				CLANG_ENABLE_OBJC_WEAK = YES;
				CLANG_WARN_BLOCK_CAPTURE_AUTORELEASING = YES;
				CLANG_WARN_BOOL_CONVERSION = YES;
				CLANG_WARN_COMMA = YES;
				CLANG_WARN_CONSTANT_CONVERSION = YES;
				CLANG_WARN_DEPRECATED_OBJC_IMPLEMENTATIONS = YES;
				CLANG_WARN_DIRECT_OBJC_ISA_USAGE = YES_ERROR;
				CLANG_WARN_DOCUMENTATION_COMMENTS = YES;
				CLANG_WARN_EMPTY_BODY = YES;
				CLANG_WARN_ENUM_CONVERSION = YES;
				CLANG_WARN_INFINITE_RECURSION = YES;
				CLANG_WARN_INT_CONVERSION = YES;
				CLANG_WARN_NON_LITERAL_NULL_CONVERSION = YES;
				CLANG_WARN_OBJC_IMPLICIT_RETAIN_SELF = YES;
				CLANG_WARN_OBJC_LITERAL_CONVERSION = YES;
				CLANG_WARN_OBJC_ROOT_CLASS = YES_ERROR;
				CLANG_WARN_RANGE_LOOP_ANALYSIS = YES;
				CLANG_WARN_STRICT_PROTOTYPES = YES;
				CLANG_WARN_SUSPICIOUS_MOVE = YES;
				CLANG_WARN_UNGUARDED_AVAILABILITY = YES_AGGRESSIVE;
				CLANG_WARN_UNREACHABLE_CODE = YES;
				CLANG_WARN__DUPLICATE_METHOD_MATCH = YES;
				COPY_PHASE_STRIP = NO;
				DEBUG_INFORMATION_FORMAT = dwarf;
				ENABLE_STRICT_OBJC_MSGSEND = YES;
				ENABLE_TESTABILITY = YES;
				GCC_C_LANGUAGE_STANDARD = gnu11;
				GCC_DYNAMIC_NO_PIC = NO;
				GCC_NO_COMMON_BLOCKS = YES;
				GCC_OPTIMIZATION_LEVEL = 0;
				GCC_PREPROCESSOR_DEFINITIONS = (
					"DEBUG=1",
					"$(inherited)",
				);
				GCC_WARN_64_TO_32_BIT_CONVERSION = YES;
				GCC_WARN_ABOUT_RETURN_TYPE = YES_ERROR;
				GCC_WARN_UNDECLARED_SELECTOR = YES;
				GCC_WARN_UNINITIALIZED_AUTOS = YES_AGGRESSIVE;
				GCC_WARN_UNUSED_FUNCTION = YES;
				GCC_WARN_UNUSED_VARIABLE = YES;
				IPHONEOS_DEPLOYMENT_TARGET = 13.5;
				MTL_ENABLE_DEBUG_INFO = INCLUDE_SOURCE;
				MTL_FAST_MATH = YES;
				ONLY_ACTIVE_ARCH = YES;
				SDKROOT = iphoneos;
				SWIFT_ACTIVE_COMPILATION_CONDITIONS = DEBUG;
				SWIFT_OPTIMIZATION_LEVEL = "-Onone";
			};
			name = Debug;
		};
		F040B69B2495121800AEDFBA /* Release */ = {
			isa = XCBuildConfiguration;
			buildSettings = {
				ALWAYS_SEARCH_USER_PATHS = NO;
				CLANG_ANALYZER_NONNULL = YES;
				CLANG_ANALYZER_NUMBER_OBJECT_CONVERSION = YES_AGGRESSIVE;
				CLANG_CXX_LANGUAGE_STANDARD = "gnu++14";
				CLANG_CXX_LIBRARY = "libc++";
				CLANG_ENABLE_MODULES = YES;
				CLANG_ENABLE_OBJC_ARC = YES;
				CLANG_ENABLE_OBJC_WEAK = YES;
				CLANG_WARN_BLOCK_CAPTURE_AUTORELEASING = YES;
				CLANG_WARN_BOOL_CONVERSION = YES;
				CLANG_WARN_COMMA = YES;
				CLANG_WARN_CONSTANT_CONVERSION = YES;
				CLANG_WARN_DEPRECATED_OBJC_IMPLEMENTATIONS = YES;
				CLANG_WARN_DIRECT_OBJC_ISA_USAGE = YES_ERROR;
				CLANG_WARN_DOCUMENTATION_COMMENTS = YES;
				CLANG_WARN_EMPTY_BODY = YES;
				CLANG_WARN_ENUM_CONVERSION = YES;
				CLANG_WARN_INFINITE_RECURSION = YES;
				CLANG_WARN_INT_CONVERSION = YES;
				CLANG_WARN_NON_LITERAL_NULL_CONVERSION = YES;
				CLANG_WARN_OBJC_IMPLICIT_RETAIN_SELF = YES;
				CLANG_WARN_OBJC_LITERAL_CONVERSION = YES;
				CLANG_WARN_OBJC_ROOT_CLASS = YES_ERROR;
				CLANG_WARN_RANGE_LOOP_ANALYSIS = YES;
				CLANG_WARN_STRICT_PROTOTYPES = YES;
				CLANG_WARN_SUSPICIOUS_MOVE = YES;
				CLANG_WARN_UNGUARDED_AVAILABILITY = YES_AGGRESSIVE;
				CLANG_WARN_UNREACHABLE_CODE = YES;
				CLANG_WARN__DUPLICATE_METHOD_MATCH = YES;
				COPY_PHASE_STRIP = NO;
				DEBUG_INFORMATION_FORMAT = "dwarf-with-dsym";
				ENABLE_NS_ASSERTIONS = NO;
				ENABLE_STRICT_OBJC_MSGSEND = YES;
				GCC_C_LANGUAGE_STANDARD = gnu11;
				GCC_NO_COMMON_BLOCKS = YES;
				GCC_WARN_64_TO_32_BIT_CONVERSION = YES;
				GCC_WARN_ABOUT_RETURN_TYPE = YES_ERROR;
				GCC_WARN_UNDECLARED_SELECTOR = YES;
				GCC_WARN_UNINITIALIZED_AUTOS = YES_AGGRESSIVE;
				GCC_WARN_UNUSED_FUNCTION = YES;
				GCC_WARN_UNUSED_VARIABLE = YES;
				IPHONEOS_DEPLOYMENT_TARGET = 13.5;
				MTL_ENABLE_DEBUG_INFO = NO;
				MTL_FAST_MATH = YES;
				SDKROOT = iphoneos;
				SWIFT_COMPILATION_MODE = wholemodule;
				SWIFT_OPTIMIZATION_LEVEL = "-O";
				VALIDATE_PRODUCT = YES;
			};
			name = Release;
		};
		F040B69D2495121800AEDFBA /* Debug */ = {
			isa = XCBuildConfiguration;
			buildSettings = {
				ASSETCATALOG_COMPILER_APPICON_NAME = AppIcon;
				CODE_SIGN_STYLE = Automatic;
				DEVELOPMENT_TEAM = 9T6A37YY89;
				INFOPLIST_FILE = UserAggrement/Info.plist;
				LD_RUNPATH_SEARCH_PATHS = (
					"$(inherited)",
					"@executable_path/Frameworks",
				);
				PRODUCT_BUNDLE_IDENTIFIER = www.infinitelearning.id.UserAggrement;
				PRODUCT_NAME = "$(TARGET_NAME)";
				SWIFT_VERSION = 5.0;
				TARGETED_DEVICE_FAMILY = "1,2";
			};
			name = Debug;
		};
		F040B69E2495121800AEDFBA /* Release */ = {
			isa = XCBuildConfiguration;
			buildSettings = {
				ASSETCATALOG_COMPILER_APPICON_NAME = AppIcon;
				CODE_SIGN_STYLE = Automatic;
				DEVELOPMENT_TEAM = 9T6A37YY89;
				INFOPLIST_FILE = UserAggrement/Info.plist;
				LD_RUNPATH_SEARCH_PATHS = (
					"$(inherited)",
					"@executable_path/Frameworks",
				);
				PRODUCT_BUNDLE_IDENTIFIER = www.infinitelearning.id.UserAggrement;
				PRODUCT_NAME = "$(TARGET_NAME)";
				SWIFT_VERSION = 5.0;
				TARGETED_DEVICE_FAMILY = "1,2";
			};
			name = Release;
		};
/* End XCBuildConfiguration section */

/* Begin XCConfigurationList section */
		F040B6802495121500AEDFBA /* Build configuration list for PBXProject "UserAggrement" */ = {
			isa = XCConfigurationList;
			buildConfigurations = (
				F040B69A2495121800AEDFBA /* Debug */,
				F040B69B2495121800AEDFBA /* Release */,
			);
			defaultConfigurationIsVisible = 0;
			defaultConfigurationName = Release;
		};
		F040B69C2495121800AEDFBA /* Build configuration list for PBXNativeTarget "UserAggrement" */ = {
			isa = XCConfigurationList;
			buildConfigurations = (
				F040B69D2495121800AEDFBA /* Debug */,
				F040B69E2495121800AEDFBA /* Release */,
			);
			defaultConfigurationIsVisible = 0;
			defaultConfigurationName = Release;
		};
/* End XCConfigurationList section */

/* Begin XCVersionGroup section */
		F040B6912495121500AEDFBA /* UserAggrement.xcdatamodeld */ = {
			isa = XCVersionGroup;
			children = (
				F040B6922495121500AEDFBA /* UserAggrement.xcdatamodel */,
			);
			currentVersion = F040B6922495121500AEDFBA /* UserAggrement.xcdatamodel */;
			path = UserAggrement.xcdatamodeld;
			sourceTree = "<group>";
			versionGroupType = wrapper.xcdatamodel;
		};
/* End XCVersionGroup section */
	};
	rootObject = F040B67D2495121500AEDFBA /* Project object */;
}
